// !$*UTF8*$!
{
	archiveVersion = 1;
	classes = {
	};
	objectVersion = 46;
	objects = {

/* Begin PBXBuildFile section */
		518E9CEE1B9DE189009C79CA /* AppDelegate.swift in Sources */ = {isa = PBXBuildFile; fileRef = 518E9CED1B9DE189009C79CA /* AppDelegate.swift */; };
		518E9CF11B9DE189009C79CA /* LeanplumIssue.xcdatamodeld in Sources */ = {isa = PBXBuildFile; fileRef = 518E9CEF1B9DE189009C79CA /* LeanplumIssue.xcdatamodeld */; };
		518E9CF31B9DE189009C79CA /* ViewController.swift in Sources */ = {isa = PBXBuildFile; fileRef = 518E9CF21B9DE189009C79CA /* ViewController.swift */; };
		518E9CF61B9DE189009C79CA /* Main.storyboard in Resources */ = {isa = PBXBuildFile; fileRef = 518E9CF41B9DE189009C79CA /* Main.storyboard */; };
		518E9CF81B9DE189009C79CA /* Images.xcassets in Resources */ = {isa = PBXBuildFile; fileRef = 518E9CF71B9DE189009C79CA /* Images.xcassets */; };
		518E9CFB1B9DE189009C79CA /* LaunchScreen.xib in Resources */ = {isa = PBXBuildFile; fileRef = 518E9CF91B9DE189009C79CA /* LaunchScreen.xib */; };
		518E9D071B9DE189009C79CA /* LeanplumIssueTests.swift in Sources */ = {isa = PBXBuildFile; fileRef = 518E9D061B9DE189009C79CA /* LeanplumIssueTests.swift */; };
/* End PBXBuildFile section */

/* Begin PBXContainerItemProxy section */
		518E9D011B9DE189009C79CA /* PBXContainerItemProxy */ = {
			isa = PBXContainerItemProxy;
			containerPortal = 518E9CE01B9DE188009C79CA /* Project object */;
			proxyType = 1;
			remoteGlobalIDString = 518E9CE71B9DE188009C79CA;
			remoteInfo = LeanplumIssue;
		};
/* End PBXContainerItemProxy section */

/* Begin PBXFileReference section */
		518E9CE81B9DE188009C79CA /* LeanplumIssue.app */ = {isa = PBXFileReference; explicitFileType = wrapper.application; includeInIndex = 0; path = LeanplumIssue.app; sourceTree = BUILT_PRODUCTS_DIR; };
		518E9CEC1B9DE189009C79CA /* Info.plist */ = {isa = PBXFileReference; lastKnownFileType = text.plist.xml; path = Info.plist; sourceTree = "<group>"; };
		518E9CED1B9DE189009C79CA /* AppDelegate.swift */ = {isa = PBXFileReference; lastKnownFileType = sourcecode.swift; path = AppDelegate.swift; sourceTree = "<group>"; };
		518E9CF01B9DE189009C79CA /* LeanplumIssue.xcdatamodel */ = {isa = PBXFileReference; lastKnownFileType = wrapper.xcdatamodel; path = LeanplumIssue.xcdatamodel; sourceTree = "<group>"; };
		518E9CF21B9DE189009C79CA /* ViewController.swift */ = {isa = PBXFileReference; lastKnownFileType = sourcecode.swift; path = ViewController.swift; sourceTree = "<group>"; };
		518E9CF51B9DE189009C79CA /* Base */ = {isa = PBXFileReference; lastKnownFileType = file.storyboard; name = Base; path = Base.lproj/Main.storyboard; sourceTree = "<group>"; };
		518E9CF71B9DE189009C79CA /* Images.xcassets */ = {isa = PBXFileReference; lastKnownFileType = folder.assetcatalog; path = Images.xcassets; sourceTree = "<group>"; };
		518E9CFA1B9DE189009C79CA /* Base */ = {isa = PBXFileReference; lastKnownFileType = file.xib; name = Base; path = Base.lproj/LaunchScreen.xib; sourceTree = "<group>"; };
		518E9D001B9DE189009C79CA /* LeanplumIssueTests.xctest */ = {isa = PBXFileReference; explicitFileType = wrapper.cfbundle; includeInIndex = 0; path = LeanplumIssueTests.xctest; sourceTree = BUILT_PRODUCTS_DIR; };
		518E9D051B9DE189009C79CA /* Info.plist */ = {isa = PBXFileReference; lastKnownFileType = text.plist.xml; path = Info.plist; sourceTree = "<group>"; };
		518E9D061B9DE189009C79CA /* LeanplumIssueTests.swift */ = {isa = PBXFileReference; lastKnownFileType = sourcecode.swift; path = LeanplumIssueTests.swift; sourceTree = "<group>"; };
/* End PBXFileReference section */

/* Begin PBXFrameworksBuildPhase section */
		518E9CE51B9DE188009C79CA /* Frameworks */ = {
			isa = PBXFrameworksBuildPhase;
			buildActionMask = 2147483647;
			files = (
			);
			runOnlyForDeploymentPostprocessing = 0;
		};
		518E9CFD1B9DE189009C79CA /* Frameworks */ = {
			isa = PBXFrameworksBuildPhase;
			buildActionMask = 2147483647;
			files = (
			);
			runOnlyForDeploymentPostprocessing = 0;
		};
/* End PBXFrameworksBuildPhase section */

/* Begin PBXGroup section */
		518E9CDF1B9DE188009C79CA = {
			isa = PBXGroup;
			children = (
				518E9CEA1B9DE188009C79CA /* LeanplumIssue */,
				518E9D031B9DE189009C79CA /* LeanplumIssueTests */,
				518E9CE91B9DE188009C79CA /* Products */,
			);
			sourceTree = "<group>";
		};
		518E9CE91B9DE188009C79CA /* Products */ = {
			isa = PBXGroup;
			children = (
				518E9CE81B9DE188009C79CA /* LeanplumIssue.app */,
				518E9D001B9DE189009C79CA /* LeanplumIssueTests.xctest */,
			);
			name = Products;
			sourceTree = "<group>";
		};
		518E9CEA1B9DE188009C79CA /* LeanplumIssue */ = {
			isa = PBXGroup;
			children = (
				518E9CED1B9DE189009C79CA /* AppDelegate.swift */,
				518E9CF21B9DE189009C79CA /* ViewController.swift */,
				518E9CF41B9DE189009C79CA /* Main.storyboard */,
				518E9CF71B9DE189009C79CA /* Images.xcassets */,
				518E9CF91B9DE189009C79CA /* LaunchScreen.xib */,
				518E9CEF1B9DE189009C79CA /* LeanplumIssue.xcdatamodeld */,
				518E9CEB1B9DE189009C79CA /* Supporting Files */,
			);
			path = LeanplumIssue;
			sourceTree = "<group>";
		};
		518E9CEB1B9DE189009C79CA /* Supporting Files */ = {
			isa = PBXGroup;
			children = (
				518E9CEC1B9DE189009C79CA /* Info.plist */,
			);
			name = "Supporting Files";
			sourceTree = "<group>";
		};
		518E9D031B9DE189009C79CA /* LeanplumIssueTests */ = {
			isa = PBXGroup;
			children = (
				518E9D061B9DE189009C79CA /* LeanplumIssueTests.swift */,
				518E9D041B9DE189009C79CA /* Supporting Files */,
			);
			path = LeanplumIssueTests;
			sourceTree = "<group>";
		};
		518E9D041B9DE189009C79CA /* Supporting Files */ = {
			isa = PBXGroup;
			children = (
				518E9D051B9DE189009C79CA /* Info.plist */,
			);
			name = "Supporting Files";
			sourceTree = "<group>";
		};
/* End PBXGroup section */

/* Begin PBXNativeTarget section */
		518E9CE71B9DE188009C79CA /* LeanplumIssue */ = {
			isa = PBXNativeTarget;
			buildConfigurationList = 518E9D0A1B9DE189009C79CA /* Build configuration list for PBXNativeTarget "LeanplumIssue" */;
			buildPhases = (
				518E9CE41B9DE188009C79CA /* Sources */,
				518E9CE51B9DE188009C79CA /* Frameworks */,
				518E9CE61B9DE188009C79CA /* Resources */,
			);
			buildRules = (
			);
			dependencies = (
			);
			name = LeanplumIssue;
			productName = LeanplumIssue;
			productReference = 518E9CE81B9DE188009C79CA /* LeanplumIssue.app */;
			productType = "com.apple.product-type.application";
		};
		518E9CFF1B9DE189009C79CA /* LeanplumIssueTests */ = {
			isa = PBXNativeTarget;
			buildConfigurationList = 518E9D0D1B9DE189009C79CA /* Build configuration list for PBXNativeTarget "LeanplumIssueTests" */;
			buildPhases = (
				518E9CFC1B9DE189009C79CA /* Sources */,
				518E9CFD1B9DE189009C79CA /* Frameworks */,
				518E9CFE1B9DE189009C79CA /* Resources */,
			);
			buildRules = (
			);
			dependencies = (
				518E9D021B9DE189009C79CA /* PBXTargetDependency */,
			);
			name = LeanplumIssueTests;
			productName = LeanplumIssueTests;
			productReference = 518E9D001B9DE189009C79CA /* LeanplumIssueTests.xctest */;
			productType = "com.apple.product-type.bundle.unit-test";
		};
/* End PBXNativeTarget section */

/* Begin PBXProject section */
		518E9CE01B9DE188009C79CA /* Project object */ = {
			isa = PBXProject;
			attributes = {
				LastUpgradeCheck = 0640;
				ORGANIZATIONNAME = "LateRooms Group";
				TargetAttributes = {
					518E9CE71B9DE188009C79CA = {
						CreatedOnToolsVersion = 6.4;
					};
					518E9CFF1B9DE189009C79CA = {
						CreatedOnToolsVersion = 6.4;
						TestTargetID = 518E9CE71B9DE188009C79CA;
					};
				};
			};
			buildConfigurationList = 518E9CE31B9DE188009C79CA /* Build configuration list for PBXProject "LeanplumIssue" */;
			compatibilityVersion = "Xcode 3.2";
			developmentRegion = English;
			hasScannedForEncodings = 0;
			knownRegions = (
				en,
				Base,
			);
			mainGroup = 518E9CDF1B9DE188009C79CA;
			productRefGroup = 518E9CE91B9DE188009C79CA /* Products */;
			projectDirPath = "";
			projectRoot = "";
			targets = (
				518E9CE71B9DE188009C79CA /* LeanplumIssue */,
				518E9CFF1B9DE189009C79CA /* LeanplumIssueTests */,
			);
		};
/* End PBXProject section */

/* Begin PBXResourcesBuildPhase section */
		518E9CE61B9DE188009C79CA /* Resources */ = {
			isa = PBXResourcesBuildPhase;
			buildActionMask = 2147483647;
			files = (
				518E9CF61B9DE189009C79CA /* Main.storyboard in Resources */,
				518E9CFB1B9DE189009C79CA /* LaunchScreen.xib in Resources */,
				518E9CF81B9DE189009C79CA /* Images.xcassets in Resources */,
			);
			runOnlyForDeploymentPostprocessing = 0;
		};
		518E9CFE1B9DE189009C79CA /* Resources */ = {
			isa = PBXResourcesBuildPhase;
			buildActionMask = 2147483647;
			files = (
			);
			runOnlyForDeploymentPostprocessing = 0;
		};
/* End PBXResourcesBuildPhase section */

/* Begin PBXSourcesBuildPhase section */
		518E9CE41B9DE188009C79CA /* Sources */ = {
			isa = PBXSourcesBuildPhase;
			buildActionMask = 2147483647;
			files = (
				518E9CF31B9DE189009C79CA /* ViewController.swift in Sources */,
				518E9CEE1B9DE189009C79CA /* AppDelegate.swift in Sources */,
				518E9CF11B9DE189009C79CA /* LeanplumIssue.xcdatamodeld in Sources */,
			);
			runOnlyForDeploymentPostprocessing = 0;
		};
		518E9CFC1B9DE189009C79CA /* Sources */ = {
			isa = PBXSourcesBuildPhase;
			buildActionMask = 2147483647;
			files = (
				518E9D071B9DE189009C79CA /* LeanplumIssueTests.swift in Sources */,
			);
			runOnlyForDeploymentPostprocessing = 0;
		};
/* End PBXSourcesBuildPhase section */

/* Begin PBXTargetDependency section */
		518E9D021B9DE189009C79CA /* PBXTargetDependency */ = {
			isa = PBXTargetDependency;
			target = 518E9CE71B9DE188009C79CA /* LeanplumIssue */;
			targetProxy = 518E9D011B9DE189009C79CA /* PBXContainerItemProxy */;
		};
/* End PBXTargetDependency section */

/* Begin PBXVariantGroup section */
		518E9CF41B9DE189009C79CA /* Main.storyboard */ = {
			isa = PBXVariantGroup;
			children = (
				518E9CF51B9DE189009C79CA /* Base */,
			);
			name = Main.storyboard;
			sourceTree = "<group>";
		};
		518E9CF91B9DE189009C79CA /* LaunchScreen.xib */ = {
			isa = PBXVariantGroup;
			children = (
				518E9CFA1B9DE189009C79CA /* Base */,
			);
			name = LaunchScreen.xib;
			sourceTree = "<group>";
		};
/* End PBXVariantGroup section */

/* Begin XCBuildConfiguration section */
		518E9D081B9DE189009C79CA /* Debug */ = {
			isa = XCBuildConfiguration;
			buildSettings = {
				ALWAYS_SEARCH_USER_PATHS = NO;
				CLANG_CXX_LANGUAGE_STANDARD = "gnu++0x";
				CLANG_CXX_LIBRARY = "libc++";
				CLANG_ENABLE_MODULES = YES;
				CLANG_ENABLE_OBJC_ARC = YES;
				CLANG_WARN_BOOL_CONVERSION = YES;
				CLANG_WARN_CONSTANT_CONVERSION = YES;
				CLANG_WARN_DIRECT_OBJC_ISA_USAGE = YES_ERROR;
				CLANG_WARN_EMPTY_BODY = YES;
				CLANG_WARN_ENUM_CONVERSION = YES;
				CLANG_WARN_INT_CONVERSION = YES;
				CLANG_WARN_OBJC_ROOT_CLASS = YES_ERROR;
				CLANG_WARN_UNREACHABLE_CODE = YES;
				CLANG_WARN__DUPLICATE_METHOD_MATCH = YES;
				"CODE_SIGN_IDENTITY[sdk=iphoneos*]" = "iPhone Developer";
				COPY_PHASE_STRIP = NO;
				DEBUG_INFORMATION_FORMAT = "dwarf-with-dsym";
				ENABLE_STRICT_OBJC_MSGSEND = YES;
				GCC_C_LANGUAGE_STANDARD = gnu99;
				GCC_DYNAMIC_NO_PIC = NO;
				GCC_NO_COMMON_BLOCKS = YES;
				GCC_OPTIMIZATION_LEVEL = 0;
				GCC_PREPROCESSOR_DEFINITIONS = (
					"DEBUG=1",
					"$(inherited)",
				);
				GCC_SYMBOLS_PRIVATE_EXTERN = NO;
				GCC_WARN_64_TO_32_BIT_CONVERSION = YES;
				GCC_WARN_ABOUT_RETURN_TYPE = YES_ERROR;
				GCC_WARN_UNDECLARED_SELECTOR = YES;
				GCC_WARN_UNINITIALIZED_AUTOS = YES_AGGRESSIVE;
				GCC_WARN_UNUSED_FUNCTION = YES;
				GCC_WARN_UNUSED_VARIABLE = YES;
				IPHONEOS_DEPLOYMENT_TARGET = 8.4;
				MTL_ENABLE_DEBUG_INFO = YES;
				ONLY_ACTIVE_ARCH = YES;
				SDKROOT = iphoneos;
				SWIFT_OPTIMIZATION_LEVEL = "-Onone";
				TARGETED_DEVICE_FAMILY = "1,2";
			};
			name = Debug;
		};
		518E9D091B9DE189009C79CA /* Release */ = {
			isa = XCBuildConfiguration;
			buildSettings = {
				ALWAYS_SEARCH_USER_PATHS = NO;
				CLANG_CXX_LANGUAGE_STANDARD = "gnu++0x";
				CLANG_CXX_LIBRARY = "libc++";
				CLANG_ENABLE_MODULES = YES;
				CLANG_ENABLE_OBJC_ARC = YES;
				CLANG_WARN_BOOL_CONVERSION = YES;
				CLANG_WARN_CONSTANT_CONVERSION = YES;
				CLANG_WARN_DIRECT_OBJC_ISA_USAGE = YES_ERROR;
				CLANG_WARN_EMPTY_BODY = YES;
				CLANG_WARN_ENUM_CONVERSION = YES;
				CLANG_WARN_INT_CONVERSION = YES;
				CLANG_WARN_OBJC_ROOT_CLASS = YES_ERROR;
				CLANG_WARN_UNREACHABLE_CODE = YES;
				CLANG_WARN__DUPLICATE_METHOD_MATCH = YES;
				"CODE_SIGN_IDENTITY[sdk=iphoneos*]" = "iPhone Developer";
				COPY_PHASE_STRIP = NO;
				DEBUG_INFORMATION_FORMAT = "dwarf-with-dsym";
				ENABLE_NS_ASSERTIONS = NO;
				ENABLE_STRICT_OBJC_MSGSEND = YES;
				GCC_C_LANGUAGE_STANDARD = gnu99;
				GCC_NO_COMMON_BLOCKS = YES;
				GCC_WARN_64_TO_32_BIT_CONVERSION = YES;
				GCC_WARN_ABOUT_RETURN_TYPE = YES_ERROR;
				GCC_WARN_UNDECLARED_SELECTOR = YES;
				GCC_WARN_UNINITIALIZED_AUTOS = YES_AGGRESSIVE;
				GCC_WARN_UNUSED_FUNCTION = YES;
				GCC_WARN_UNUSED_VARIABLE = YES;
				IPHONEOS_DEPLOYMENT_TARGET = 8.4;
				MTL_ENABLE_DEBUG_INFO = NO;
				SDKROOT = iphoneos;
				TARGETED_DEVICE_FAMILY = "1,2";
				VALIDATE_PRODUCT = YES;
			};
			name = Release;
		};
		518E9D0B1B9DE189009C79CA /* Debug */ = {
			isa = XCBuildConfiguration;
			buildSettings = {
				ASSETCATALOG_COMPILER_APPICON_NAME = AppIcon;
				INFOPLIST_FILE = LeanplumIssue/Info.plist;
				LD_RUNPATH_SEARCH_PATHS = "$(inherited) @executable_path/Frameworks";
				PRODUCT_NAME = "$(TARGET_NAME)";
			};
			name = Debug;
		};
		518E9D0C1B9DE189009C79CA /* Release */ = {
			isa = XCBuildConfiguration;
			buildSettings = {
				ASSETCATALOG_COMPILER_APPICON_NAME = AppIcon;
				INFOPLIST_FILE = LeanplumIssue/Info.plist;
				LD_RUNPATH_SEARCH_PATHS = "$(inherited) @executable_path/Frameworks";
				PRODUCT_NAME = "$(TARGET_NAME)";
			};
			name = Release;
		};
		518E9D0E1B9DE189009C79CA /* Debug */ = {
			isa = XCBuildConfiguration;
			buildSettings = {
				BUNDLE_LOADER = "$(TEST_HOST)";
				FRAMEWORK_SEARCH_PATHS = (
					"$(SDKROOT)/Developer/Library/Frameworks",
					"$(inherited)",
				);
				GCC_PREPROCESSOR_DEFINITIONS = (
					"DEBUG=1",
					"$(inherited)",
				);
				INFOPLIST_FILE = LeanplumIssueTests/Info.plist;
				LD_RUNPATH_SEARCH_PATHS = "$(inherited) @executable_path/Frameworks @loader_path/Frameworks";
				PRODUCT_NAME = "$(TARGET_NAME)";
				TEST_HOST = "$(BUILT_PRODUCTS_DIR)/LeanplumIssue.app/LeanplumIssue";
			};
			name = Debug;
		};
		518E9D0F1B9DE189009C79CA /* Release */ = {
			isa = XCBuildConfiguration;
			buildSettings = {
				BUNDLE_LOADER = "$(TEST_HOST)";
				FRAMEWORK_SEARCH_PATHS = (
					"$(SDKROOT)/Developer/Library/Frameworks",
					"$(inherited)",
				);
				INFOPLIST_FILE = LeanplumIssueTests/Info.plist;
				LD_RUNPATH_SEARCH_PATHS = "$(inherited) @executable_path/Frameworks @loader_path/Frameworks";
				PRODUCT_NAME = "$(TARGET_NAME)";
				TEST_HOST = "$(BUILT_PRODUCTS_DIR)/LeanplumIssue.app/LeanplumIssue";
			};
			name = Release;
		};
/* End XCBuildConfiguration section */

/* Begin XCConfigurationList section */
		518E9CE31B9DE188009C79CA /* Build configuration list for PBXProject "LeanplumIssue" */ = {
			isa = XCConfigurationList;
			buildConfigurations = (
				518E9D081B9DE189009C79CA /* Debug */,
				518E9D091B9DE189009C79CA /* Release */,
			);
			defaultConfigurationIsVisible = 0;
			defaultConfigurationName = Release;
		};
		518E9D0A1B9DE189009C79CA /* Build configuration list for PBXNativeTarget "LeanplumIssue" */ = {
			isa = XCConfigurationList;
			buildConfigurations = (
				518E9D0B1B9DE189009C79CA /* Debug */,
				518E9D0C1B9DE189009C79CA /* Release */,
			);
			defaultConfigurationIsVisible = 0;
		};
		518E9D0D1B9DE189009C79CA /* Build configuration list for PBXNativeTarget "LeanplumIssueTests" */ = {
			isa = XCConfigurationList;
			buildConfigurations = (
				518E9D0E1B9DE189009C79CA /* Debug */,
				518E9D0F1B9DE189009C79CA /* Release */,
			);
			defaultConfigurationIsVisible = 0;
		};
/* End XCConfigurationList section */

/* Begin XCVersionGroup section */
		518E9CEF1B9DE189009C79CA /* LeanplumIssue.xcdatamodeld */ = {
			isa = XCVersionGroup;
			children = (
				518E9CF01B9DE189009C79CA /* LeanplumIssue.xcdatamodel */,
			);
			currentVersion = 518E9CF01B9DE189009C79CA /* LeanplumIssue.xcdatamodel */;
			path = LeanplumIssue.xcdatamodeld;
			sourceTree = "<group>";
			versionGroupType = wrapper.xcdatamodel;
		};
/* End XCVersionGroup section */
	};
	rootObject = 518E9CE01B9DE188009C79CA /* Project object */;
}
